
Microsoft Visual Studio Solution File, Format Version 12.00
# Visual Studio 15
VisualStudioVersion = 15.0.26730.16
MinimumVisualStudioVersion = 10.0.40219.1
Project("{FAE04EC0-301F-11D3-BF4B-00C04F79EFBC}") = "PackageDelivery", "src\UI\PackageDelivery.csproj", "{321232EE-B878-4249-B36C-37EE4ED3AE1D}"
EndProject
Project("{FAE04EC0-301F-11D3-BF4B-00C04F79EFBC}") = "PackageDeliveryNew", "src\PackageDeliveryNew\PackageDeliveryNew.csproj", "{E015804E-94FB-4231-B7EF-04EA4D9498FA}"
EndProject
Global
	GlobalSection(SolutionConfigurationPlatforms) = preSolution
		Debug|Any CPU = Debug|Any CPU
		Release|Any CPU = Release|Any CPU
	EndGlobalSection
	GlobalSection(ProjectConfigurationPlatforms) = postSolution
		{321232EE-B878-4249-B36C-37EE4ED3AE1D}.Debug|Any CPU.ActiveCfg = Debug|Any CPU
		{321232EE-B878-4249-B36C-37EE4ED3AE1D}.Debug|Any CPU.Build.0 = Debug|Any CPU
		{321232EE-B878-4249-B36C-37EE4ED3AE1D}.Release|Any CPU.ActiveCfg = Release|Any CPU
		{321232EE-B878-4249-B36C-37EE4ED3AE1D}.Release|Any CPU.Build.0 = Release|Any CPU
		{E015804E-94FB-4231-B7EF-04EA4D9498FA}.Debug|Any CPU.ActiveCfg = Debug|Any CPU
		{E015804E-94FB-4231-B7EF-04EA4D9498FA}.Debug|Any CPU.Build.0 = Debug|Any CPU
		{E015804E-94FB-4231-B7EF-04EA4D9498FA}.Release|Any CPU.ActiveCfg = Release|Any CPU
		{E015804E-94FB-4231-B7EF-04EA4D9498FA}.Release|Any CPU.Build.0 = Release|Any CPU
	EndGlobalSection
	GlobalSection(SolutionProperties) = preSolution
		HideSolutionNode = FALSE
	EndGlobalSection
	GlobalSection(ExtensibilityGlobals) = postSolution
		SolutionGuid = {753B89EE-949C-4464-81FC-0224A4F21BF5}
	EndGlobalSection
EndGlobal
